// !$*UTF8*$!
{
	archiveVersion = 1;
	classes = {
	};
	objectVersion = 50;
	objects = {

/* Begin PBXBuildFile section */
		3E62DF8E20D358840029E006 /* MainController.swift in Sources */ = {isa = PBXBuildFile; fileRef = 3E62DF8D20D358840029E006 /* MainController.swift */; };
		3E86143E20D0D0D700B90F96 /* AppDelegate.swift in Sources */ = {isa = PBXBuildFile; fileRef = 3E86143D20D0D0D700B90F96 /* AppDelegate.swift */; };
		3E86144020D0D0D700B90F96 /* ViewController.swift in Sources */ = {isa = PBXBuildFile; fileRef = 3E86143F20D0D0D700B90F96 /* ViewController.swift */; };
		3E86144620D0D0D700B90F96 /* Mino.xcdatamodeld in Sources */ = {isa = PBXBuildFile; fileRef = 3E86144420D0D0D700B90F96 /* Mino.xcdatamodeld */; };
		3E86144820D0D0DA00B90F96 /* Assets.xcassets in Resources */ = {isa = PBXBuildFile; fileRef = 3E86144720D0D0DA00B90F96 /* Assets.xcassets */; };
		3E86144B20D0D0DA00B90F96 /* LaunchScreen.storyboard in Resources */ = {isa = PBXBuildFile; fileRef = 3E86144920D0D0DA00B90F96 /* LaunchScreen.storyboard */; };
		3E86147820D0D24E00B90F96 /* UILayoutSupport+Extensions.swift in Sources */ = {isa = PBXBuildFile; fileRef = 3E86145420D0D24A00B90F96 /* UILayoutSupport+Extensions.swift */; };
		3E86147920D0D24E00B90F96 /* ConstraintLayoutGuide+Extensions.swift in Sources */ = {isa = PBXBuildFile; fileRef = 3E86145520D0D24A00B90F96 /* ConstraintLayoutGuide+Extensions.swift */; };
		3E86147A20D0D24E00B90F96 /* Constraint.swift in Sources */ = {isa = PBXBuildFile; fileRef = 3E86145620D0D24A00B90F96 /* Constraint.swift */; };
		3E86147B20D0D24E00B90F96 /* ConstraintMakerEditable.swift in Sources */ = {isa = PBXBuildFile; fileRef = 3E86145720D0D24A00B90F96 /* ConstraintMakerEditable.swift */; };
		3E86147C20D0D24E00B90F96 /* ConstraintLayoutSupportDSL.swift in Sources */ = {isa = PBXBuildFile; fileRef = 3E86145820D0D24A00B90F96 /* ConstraintLayoutSupportDSL.swift */; };
		3E86147D20D0D24E00B90F96 /* ConstraintPriorityTarget.swift in Sources */ = {isa = PBXBuildFile; fileRef = 3E86145920D0D24A00B90F96 /* ConstraintPriorityTarget.swift */; };
		3E86147E20D0D24E00B90F96 /* ConstraintLayoutGuide.swift in Sources */ = {isa = PBXBuildFile; fileRef = 3E86145A20D0D24B00B90F96 /* ConstraintLayoutGuide.swift */; };
		3E86147F20D0D24E00B90F96 /* Debugging.swift in Sources */ = {isa = PBXBuildFile; fileRef = 3E86145B20D0D24B00B90F96 /* Debugging.swift */; };
		3E86148020D0D24E00B90F96 /* ConstraintInsetTarget.swift in Sources */ = {isa = PBXBuildFile; fileRef = 3E86145C20D0D24B00B90F96 /* ConstraintInsetTarget.swift */; };
		3E86148120D0D24E00B90F96 /* LayoutConstraint.swift in Sources */ = {isa = PBXBuildFile; fileRef = 3E86145D20D0D24B00B90F96 /* LayoutConstraint.swift */; };
		3E86148220D0D24E00B90F96 /* ConstraintPriority.swift in Sources */ = {isa = PBXBuildFile; fileRef = 3E86145E20D0D24B00B90F96 /* ConstraintPriority.swift */; };
		3E86148320D0D24E00B90F96 /* ConstraintInsets.swift in Sources */ = {isa = PBXBuildFile; fileRef = 3E86145F20D0D24B00B90F96 /* ConstraintInsets.swift */; };
		3E86148420D0D24E00B90F96 /* ConstraintConstantTarget.swift in Sources */ = {isa = PBXBuildFile; fileRef = 3E86146020D0D24B00B90F96 /* ConstraintConstantTarget.swift */; };
		3E86148520D0D24E00B90F96 /* ConstraintDSL.swift in Sources */ = {isa = PBXBuildFile; fileRef = 3E86146120D0D24B00B90F96 /* ConstraintDSL.swift */; };
		3E86148620D0D24E00B90F96 /* ConstraintLayoutGuideDSL.swift in Sources */ = {isa = PBXBuildFile; fileRef = 3E86146220D0D24B00B90F96 /* ConstraintLayoutGuideDSL.swift */; };
		3E86148720D0D24E00B90F96 /* ConstraintView+Extensions.swift in Sources */ = {isa = PBXBuildFile; fileRef = 3E86146320D0D24B00B90F96 /* ConstraintView+Extensions.swift */; };
		3E86148820D0D24E00B90F96 /* ConstraintConfig.swift in Sources */ = {isa = PBXBuildFile; fileRef = 3E86146420D0D24B00B90F96 /* ConstraintConfig.swift */; };
		3E86148920D0D24E00B90F96 /* ConstraintView.swift in Sources */ = {isa = PBXBuildFile; fileRef = 3E86146520D0D24B00B90F96 /* ConstraintView.swift */; };
		3E86148A20D0D24E00B90F96 /* ConstraintRelation.swift in Sources */ = {isa = PBXBuildFile; fileRef = 3E86146620D0D24C00B90F96 /* ConstraintRelation.swift */; };
		3E86148B20D0D24E00B90F96 /* ConstraintMakerRelatable.swift in Sources */ = {isa = PBXBuildFile; fileRef = 3E86146720D0D24C00B90F96 /* ConstraintMakerRelatable.swift */; };
		3E86148C20D0D24E00B90F96 /* ConstraintMakerExtendable.swift in Sources */ = {isa = PBXBuildFile; fileRef = 3E86146820D0D24C00B90F96 /* ConstraintMakerExtendable.swift */; };
		3E86148D20D0D24E00B90F96 /* ConstraintOffsetTarget.swift in Sources */ = {isa = PBXBuildFile; fileRef = 3E86146920D0D24C00B90F96 /* ConstraintOffsetTarget.swift */; };
		3E86148E20D0D24E00B90F96 /* LayoutConstraintItem.swift in Sources */ = {isa = PBXBuildFile; fileRef = 3E86146A20D0D24C00B90F96 /* LayoutConstraintItem.swift */; };
		3E86148F20D0D24E00B90F96 /* ConstraintViewDSL.swift in Sources */ = {isa = PBXBuildFile; fileRef = 3E86146C20D0D24C00B90F96 /* ConstraintViewDSL.swift */; };
		3E86149020D0D24E00B90F96 /* Typealiases.swift in Sources */ = {isa = PBXBuildFile; fileRef = 3E86146D20D0D24C00B90F96 /* Typealiases.swift */; };
		3E86149120D0D24E00B90F96 /* ConstraintAttributes.swift in Sources */ = {isa = PBXBuildFile; fileRef = 3E86146E20D0D24D00B90F96 /* ConstraintAttributes.swift */; };
		3E86149220D0D24E00B90F96 /* ConstraintDescription.swift in Sources */ = {isa = PBXBuildFile; fileRef = 3E86146F20D0D24D00B90F96 /* ConstraintDescription.swift */; };
		3E86149320D0D24E00B90F96 /* ConstraintMakerFinalizable.swift in Sources */ = {isa = PBXBuildFile; fileRef = 3E86147020D0D24D00B90F96 /* ConstraintMakerFinalizable.swift */; };
		3E86149420D0D24E00B90F96 /* Info.plist in Resources */ = {isa = PBXBuildFile; fileRef = 3E86147120D0D24D00B90F96 /* Info.plist */; };
		3E86149520D0D24E00B90F96 /* ConstraintMultiplierTarget.swift in Sources */ = {isa = PBXBuildFile; fileRef = 3E86147220D0D24D00B90F96 /* ConstraintMultiplierTarget.swift */; };
		3E86149620D0D24E00B90F96 /* ConstraintMakerPriortizable.swift in Sources */ = {isa = PBXBuildFile; fileRef = 3E86147320D0D24D00B90F96 /* ConstraintMakerPriortizable.swift */; };
		3E86149720D0D24E00B90F96 /* ConstraintRelatableTarget.swift in Sources */ = {isa = PBXBuildFile; fileRef = 3E86147420D0D24D00B90F96 /* ConstraintRelatableTarget.swift */; };
		3E86149820D0D24E00B90F96 /* ConstraintItem.swift in Sources */ = {isa = PBXBuildFile; fileRef = 3E86147520D0D24E00B90F96 /* ConstraintItem.swift */; };
		3E86149920D0D24E00B90F96 /* ConstraintLayoutSupport.swift in Sources */ = {isa = PBXBuildFile; fileRef = 3E86147620D0D24E00B90F96 /* ConstraintLayoutSupport.swift */; };
		3E86149A20D0D24E00B90F96 /* ConstraintMaker.swift in Sources */ = {isa = PBXBuildFile; fileRef = 3E86147720D0D24E00B90F96 /* ConstraintMaker.swift */; };
		3E86149D20D0D39E00B90F96 /* LoginView.swift in Sources */ = {isa = PBXBuildFile; fileRef = 3E86149C20D0D39E00B90F96 /* LoginView.swift */; };
		3EAB800020D8FEF900D50296 /* SecViewController.swift in Sources */ = {isa = PBXBuildFile; fileRef = 3EAB7FFF20D8FEF900D50296 /* SecViewController.swift */; };
		3EAB800220D8FF0600D50296 /* ThredViewController.swift in Sources */ = {isa = PBXBuildFile; fileRef = 3EAB800120D8FF0600D50296 /* ThredViewController.swift */; };
		3EAB800420D9038A00D50296 /* U2MsgViewController.swift in Sources */ = {isa = PBXBuildFile; fileRef = 3EAB800320D9038A00D50296 /* U2MsgViewController.swift */; };
/* End PBXBuildFile section */

/* Begin PBXFileReference section */
		3E62DF8D20D358840029E006 /* MainController.swift */ = {isa = PBXFileReference; lastKnownFileType = sourcecode.swift; path = MainController.swift; sourceTree = "<group>"; };
		3E86143A20D0D0D700B90F96 /* Mino.app */ = {isa = PBXFileReference; explicitFileType = wrapper.application; includeInIndex = 0; path = Mino.app; sourceTree = BUILT_PRODUCTS_DIR; };
		3E86143D20D0D0D700B90F96 /* AppDelegate.swift */ = {isa = PBXFileReference; lastKnownFileType = sourcecode.swift; path = AppDelegate.swift; sourceTree = "<group>"; };
		3E86143F20D0D0D700B90F96 /* ViewController.swift */ = {isa = PBXFileReference; lastKnownFileType = sourcecode.swift; path = ViewController.swift; sourceTree = "<group>"; };
		3E86144520D0D0D700B90F96 /* Mino.xcdatamodel */ = {isa = PBXFileReference; lastKnownFileType = wrapper.xcdatamodel; path = Mino.xcdatamodel; sourceTree = "<group>"; };
		3E86144720D0D0DA00B90F96 /* Assets.xcassets */ = {isa = PBXFileReference; lastKnownFileType = folder.assetcatalog; path = Assets.xcassets; sourceTree = "<group>"; };
		3E86144A20D0D0DA00B90F96 /* Base */ = {isa = PBXFileReference; lastKnownFileType = file.storyboard; name = Base; path = Base.lproj/LaunchScreen.storyboard; sourceTree = "<group>"; };
		3E86144C20D0D0DA00B90F96 /* Info.plist */ = {isa = PBXFileReference; lastKnownFileType = text.plist.xml; path = Info.plist; sourceTree = "<group>"; };
		3E86145420D0D24A00B90F96 /* UILayoutSupport+Extensions.swift */ = {isa = PBXFileReference; fileEncoding = 4; lastKnownFileType = sourcecode.swift; path = "UILayoutSupport+Extensions.swift"; sourceTree = "<group>"; };
		3E86145520D0D24A00B90F96 /* ConstraintLayoutGuide+Extensions.swift */ = {isa = PBXFileReference; fileEncoding = 4; lastKnownFileType = sourcecode.swift; path = "ConstraintLayoutGuide+Extensions.swift"; sourceTree = "<group>"; };
		3E86145620D0D24A00B90F96 /* Constraint.swift */ = {isa = PBXFileReference; fileEncoding = 4; lastKnownFileType = sourcecode.swift; path = Constraint.swift; sourceTree = "<group>"; };
		3E86145720D0D24A00B90F96 /* ConstraintMakerEditable.swift */ = {isa = PBXFileReference; fileEncoding = 4; lastKnownFileType = sourcecode.swift; path = ConstraintMakerEditable.swift; sourceTree = "<group>"; };
		3E86145820D0D24A00B90F96 /* ConstraintLayoutSupportDSL.swift */ = {isa = PBXFileReference; fileEncoding = 4; lastKnownFileType = sourcecode.swift; path = ConstraintLayoutSupportDSL.swift; sourceTree = "<group>"; };
		3E86145920D0D24A00B90F96 /* ConstraintPriorityTarget.swift */ = {isa = PBXFileReference; fileEncoding = 4; lastKnownFileType = sourcecode.swift; path = ConstraintPriorityTarget.swift; sourceTree = "<group>"; };
		3E86145A20D0D24B00B90F96 /* ConstraintLayoutGuide.swift */ = {isa = PBXFileReference; fileEncoding = 4; lastKnownFileType = sourcecode.swift; path = ConstraintLayoutGuide.swift; sourceTree = "<group>"; };
		3E86145B20D0D24B00B90F96 /* Debugging.swift */ = {isa = PBXFileReference; fileEncoding = 4; lastKnownFileType = sourcecode.swift; path = Debugging.swift; sourceTree = "<group>"; };
		3E86145C20D0D24B00B90F96 /* ConstraintInsetTarget.swift */ = {isa = PBXFileReference; fileEncoding = 4; lastKnownFileType = sourcecode.swift; path = ConstraintInsetTarget.swift; sourceTree = "<group>"; };
		3E86145D20D0D24B00B90F96 /* LayoutConstraint.swift */ = {isa = PBXFileReference; fileEncoding = 4; lastKnownFileType = sourcecode.swift; path = LayoutConstraint.swift; sourceTree = "<group>"; };
		3E86145E20D0D24B00B90F96 /* ConstraintPriority.swift */ = {isa = PBXFileReference; fileEncoding = 4; lastKnownFileType = sourcecode.swift; path = ConstraintPriority.swift; sourceTree = "<group>"; };
		3E86145F20D0D24B00B90F96 /* ConstraintInsets.swift */ = {isa = PBXFileReference; fileEncoding = 4; lastKnownFileType = sourcecode.swift; path = ConstraintInsets.swift; sourceTree = "<group>"; };
		3E86146020D0D24B00B90F96 /* ConstraintConstantTarget.swift */ = {isa = PBXFileReference; fileEncoding = 4; lastKnownFileType = sourcecode.swift; path = ConstraintConstantTarget.swift; sourceTree = "<group>"; };
		3E86146120D0D24B00B90F96 /* ConstraintDSL.swift */ = {isa = PBXFileReference; fileEncoding = 4; lastKnownFileType = sourcecode.swift; path = ConstraintDSL.swift; sourceTree = "<group>"; };
		3E86146220D0D24B00B90F96 /* ConstraintLayoutGuideDSL.swift */ = {isa = PBXFileReference; fileEncoding = 4; lastKnownFileType = sourcecode.swift; path = ConstraintLayoutGuideDSL.swift; sourceTree = "<group>"; };
		3E86146320D0D24B00B90F96 /* ConstraintView+Extensions.swift */ = {isa = PBXFileReference; fileEncoding = 4; lastKnownFileType = sourcecode.swift; path = "ConstraintView+Extensions.swift"; sourceTree = "<group>"; };
		3E86146420D0D24B00B90F96 /* ConstraintConfig.swift */ = {isa = PBXFileReference; fileEncoding = 4; lastKnownFileType = sourcecode.swift; path = ConstraintConfig.swift; sourceTree = "<group>"; };
		3E86146520D0D24B00B90F96 /* ConstraintView.swift */ = {isa = PBXFileReference; fileEncoding = 4; lastKnownFileType = sourcecode.swift; path = ConstraintView.swift; sourceTree = "<group>"; };
		3E86146620D0D24C00B90F96 /* ConstraintRelation.swift */ = {isa = PBXFileReference; fileEncoding = 4; lastKnownFileType = sourcecode.swift; path = ConstraintRelation.swift; sourceTree = "<group>"; };
		3E86146720D0D24C00B90F96 /* ConstraintMakerRelatable.swift */ = {isa = PBXFileReference; fileEncoding = 4; lastKnownFileType = sourcecode.swift; path = ConstraintMakerRelatable.swift; sourceTree = "<group>"; };
		3E86146820D0D24C00B90F96 /* ConstraintMakerExtendable.swift */ = {isa = PBXFileReference; fileEncoding = 4; lastKnownFileType = sourcecode.swift; path = ConstraintMakerExtendable.swift; sourceTree = "<group>"; };
		3E86146920D0D24C00B90F96 /* ConstraintOffsetTarget.swift */ = {isa = PBXFileReference; fileEncoding = 4; lastKnownFileType = sourcecode.swift; path = ConstraintOffsetTarget.swift; sourceTree = "<group>"; };
		3E86146A20D0D24C00B90F96 /* LayoutConstraintItem.swift */ = {isa = PBXFileReference; fileEncoding = 4; lastKnownFileType = sourcecode.swift; path = LayoutConstraintItem.swift; sourceTree = "<group>"; };
		3E86146B20D0D24C00B90F96 /* SnapKit.h */ = {isa = PBXFileReference; fileEncoding = 4; lastKnownFileType = sourcecode.c.h; path = SnapKit.h; sourceTree = "<group>"; };
		3E86146C20D0D24C00B90F96 /* ConstraintViewDSL.swift */ = {isa = PBXFileReference; fileEncoding = 4; lastKnownFileType = sourcecode.swift; path = ConstraintViewDSL.swift; sourceTree = "<group>"; };
		3E86146D20D0D24C00B90F96 /* Typealiases.swift */ = {isa = PBXFileReference; fileEncoding = 4; lastKnownFileType = sourcecode.swift; path = Typealiases.swift; sourceTree = "<group>"; };
		3E86146E20D0D24D00B90F96 /* ConstraintAttributes.swift */ = {isa = PBXFileReference; fileEncoding = 4; lastKnownFileType = sourcecode.swift; path = ConstraintAttributes.swift; sourceTree = "<group>"; };
		3E86146F20D0D24D00B90F96 /* ConstraintDescription.swift */ = {isa = PBXFileReference; fileEncoding = 4; lastKnownFileType = sourcecode.swift; path = ConstraintDescription.swift; sourceTree = "<group>"; };
		3E86147020D0D24D00B90F96 /* ConstraintMakerFinalizable.swift */ = {isa = PBXFileReference; fileEncoding = 4; lastKnownFileType = sourcecode.swift; path = ConstraintMakerFinalizable.swift; sourceTree = "<group>"; };
		3E86147120D0D24D00B90F96 /* Info.plist */ = {isa = PBXFileReference; fileEncoding = 4; lastKnownFileType = text.plist.xml; path = Info.plist; sourceTree = "<group>"; };
		3E86147220D0D24D00B90F96 /* ConstraintMultiplierTarget.swift */ = {isa = PBXFileReference; fileEncoding = 4; lastKnownFileType = sourcecode.swift; path = ConstraintMultiplierTarget.swift; sourceTree = "<group>"; };
		3E86147320D0D24D00B90F96 /* ConstraintMakerPriortizable.swift */ = {isa = PBXFileReference; fileEncoding = 4; lastKnownFileType = sourcecode.swift; path = ConstraintMakerPriortizable.swift; sourceTree = "<group>"; };
		3E86147420D0D24D00B90F96 /* ConstraintRelatableTarget.swift */ = {isa = PBXFileReference; fileEncoding = 4; lastKnownFileType = sourcecode.swift; path = ConstraintRelatableTarget.swift; sourceTree = "<group>"; };
		3E86147520D0D24E00B90F96 /* ConstraintItem.swift */ = {isa = PBXFileReference; fileEncoding = 4; lastKnownFileType = sourcecode.swift; path = ConstraintItem.swift; sourceTree = "<group>"; };
		3E86147620D0D24E00B90F96 /* ConstraintLayoutSupport.swift */ = {isa = PBXFileReference; fileEncoding = 4; lastKnownFileType = sourcecode.swift; path = ConstraintLayoutSupport.swift; sourceTree = "<group>"; };
		3E86147720D0D24E00B90F96 /* ConstraintMaker.swift */ = {isa = PBXFileReference; fileEncoding = 4; lastKnownFileType = sourcecode.swift; path = ConstraintMaker.swift; sourceTree = "<group>"; };
		3E86149C20D0D39E00B90F96 /* LoginView.swift */ = {isa = PBXFileReference; lastKnownFileType = sourcecode.swift; path = LoginView.swift; sourceTree = "<group>"; };
		3EAB7FFF20D8FEF900D50296 /* SecViewController.swift */ = {isa = PBXFileReference; lastKnownFileType = sourcecode.swift; path = SecViewController.swift; sourceTree = "<group>"; };
		3EAB800120D8FF0600D50296 /* ThredViewController.swift */ = {isa = PBXFileReference; lastKnownFileType = sourcecode.swift; path = ThredViewController.swift; sourceTree = "<group>"; };
		3EAB800320D9038A00D50296 /* U2MsgViewController.swift */ = {isa = PBXFileReference; lastKnownFileType = sourcecode.swift; path = U2MsgViewController.swift; sourceTree = "<group>"; };
/* End PBXFileReference section */

/* Begin PBXFrameworksBuildPhase section */
		3E86143720D0D0D700B90F96 /* Frameworks */ = {
			isa = PBXFrameworksBuildPhase;
			buildActionMask = 2147483647;
			files = (
			);
			runOnlyForDeploymentPostprocessing = 0;
		};
/* End PBXFrameworksBuildPhase section */

/* Begin PBXGroup section */
		3E86143120D0D0D700B90F96 = {
			isa = PBXGroup;
			children = (
				3E86149B20D0D29D00B90F96 /* View */,
				3E86145220D0D14100B90F96 /* Lib */,
				3E86143C20D0D0D700B90F96 /* Mino */,
				3E86143B20D0D0D700B90F96 /* Products */,
			);
			sourceTree = "<group>";
		};
		3E86143B20D0D0D700B90F96 /* Products */ = {
			isa = PBXGroup;
			children = (
				3E86143A20D0D0D700B90F96 /* Mino.app */,
			);
			name = Products;
			sourceTree = "<group>";
		};
		3E86143C20D0D0D700B90F96 /* Mino */ = {
			isa = PBXGroup;
			children = (
				3E86143D20D0D0D700B90F96 /* AppDelegate.swift */,
				3E86143F20D0D0D700B90F96 /* ViewController.swift */,
				3E86144720D0D0DA00B90F96 /* Assets.xcassets */,
				3E86144920D0D0DA00B90F96 /* LaunchScreen.storyboard */,
				3E86144C20D0D0DA00B90F96 /* Info.plist */,
				3E86144420D0D0D700B90F96 /* Mino.xcdatamodeld */,
			);
			path = Mino;
			sourceTree = "<group>";
		};
		3E86145220D0D14100B90F96 /* Lib */ = {
			isa = PBXGroup;
			children = (
				3E86145320D0D22300B90F96 /* snapKit */,
			);
			path = Lib;
			sourceTree = "<group>";
		};
		3E86145320D0D22300B90F96 /* snapKit */ = {
			isa = PBXGroup;
			children = (
				3E86145620D0D24A00B90F96 /* Constraint.swift */,
				3E86146E20D0D24D00B90F96 /* ConstraintAttributes.swift */,
				3E86146420D0D24B00B90F96 /* ConstraintConfig.swift */,
				3E86146020D0D24B00B90F96 /* ConstraintConstantTarget.swift */,
				3E86146F20D0D24D00B90F96 /* ConstraintDescription.swift */,
				3E86146120D0D24B00B90F96 /* ConstraintDSL.swift */,
				3E86145F20D0D24B00B90F96 /* ConstraintInsets.swift */,
				3E86145C20D0D24B00B90F96 /* ConstraintInsetTarget.swift */,
				3E86147520D0D24E00B90F96 /* ConstraintItem.swift */,
				3E86145A20D0D24B00B90F96 /* ConstraintLayoutGuide.swift */,
				3E86145520D0D24A00B90F96 /* ConstraintLayoutGuide+Extensions.swift */,
				3E86146220D0D24B00B90F96 /* ConstraintLayoutGuideDSL.swift */,
				3E86147620D0D24E00B90F96 /* ConstraintLayoutSupport.swift */,
				3E86145820D0D24A00B90F96 /* ConstraintLayoutSupportDSL.swift */,
				3E86147720D0D24E00B90F96 /* ConstraintMaker.swift */,
				3E86145720D0D24A00B90F96 /* ConstraintMakerEditable.swift */,
				3E86146820D0D24C00B90F96 /* ConstraintMakerExtendable.swift */,
				3E86147020D0D24D00B90F96 /* ConstraintMakerFinalizable.swift */,
				3E86147320D0D24D00B90F96 /* ConstraintMakerPriortizable.swift */,
				3E86146720D0D24C00B90F96 /* ConstraintMakerRelatable.swift */,
				3E86147220D0D24D00B90F96 /* ConstraintMultiplierTarget.swift */,
				3E86146920D0D24C00B90F96 /* ConstraintOffsetTarget.swift */,
				3E86145E20D0D24B00B90F96 /* ConstraintPriority.swift */,
				3E86145920D0D24A00B90F96 /* ConstraintPriorityTarget.swift */,
				3E86147420D0D24D00B90F96 /* ConstraintRelatableTarget.swift */,
				3E86146620D0D24C00B90F96 /* ConstraintRelation.swift */,
				3E86146520D0D24B00B90F96 /* ConstraintView.swift */,
				3E86146320D0D24B00B90F96 /* ConstraintView+Extensions.swift */,
				3E86146C20D0D24C00B90F96 /* ConstraintViewDSL.swift */,
				3E86145B20D0D24B00B90F96 /* Debugging.swift */,
				3E86147120D0D24D00B90F96 /* Info.plist */,
				3E86145D20D0D24B00B90F96 /* LayoutConstraint.swift */,
				3E86146A20D0D24C00B90F96 /* LayoutConstraintItem.swift */,
				3E86146B20D0D24C00B90F96 /* SnapKit.h */,
				3E86146D20D0D24C00B90F96 /* Typealiases.swift */,
				3E86145420D0D24A00B90F96 /* UILayoutSupport+Extensions.swift */,
			);
			path = snapKit;
			sourceTree = "<group>";
		};
		3E86149B20D0D29D00B90F96 /* View */ = {
			isa = PBXGroup;
			children = (
				3E86149C20D0D39E00B90F96 /* LoginView.swift */,
				3E62DF8D20D358840029E006 /* MainController.swift */,
				3EAB7FFF20D8FEF900D50296 /* SecViewController.swift */,
				3EAB800120D8FF0600D50296 /* ThredViewController.swift */,
				3EAB800320D9038A00D50296 /* U2MsgViewController.swift */,
			);
			path = View;
			sourceTree = "<group>";
		};
/* End PBXGroup section */

/* Begin PBXNativeTarget section */
		3E86143920D0D0D700B90F96 /* Mino */ = {
			isa = PBXNativeTarget;
			buildConfigurationList = 3E86144F20D0D0DA00B90F96 /* Build configuration list for PBXNativeTarget "Mino" */;
			buildPhases = (
				3E86143620D0D0D700B90F96 /* Sources */,
				3E86143720D0D0D700B90F96 /* Frameworks */,
				3E86143820D0D0D700B90F96 /* Resources */,
			);
			buildRules = (
			);
			dependencies = (
			);
			name = Mino;
			productName = Mino;
			productReference = 3E86143A20D0D0D700B90F96 /* Mino.app */;
			productType = "com.apple.product-type.application";
		};
/* End PBXNativeTarget section */

/* Begin PBXProject section */
		3E86143220D0D0D700B90F96 /* Project object */ = {
			isa = PBXProject;
			attributes = {
				LastSwiftUpdateCheck = 0940;
				LastUpgradeCheck = 0940;
				ORGANIZATIONNAME = Mino;
				TargetAttributes = {
					3E86143920D0D0D700B90F96 = {
						CreatedOnToolsVersion = 9.4;
					};
				};
			};
			buildConfigurationList = 3E86143520D0D0D700B90F96 /* Build configuration list for PBXProject "Mino" */;
			compatibilityVersion = "Xcode 9.3";
			developmentRegion = en;
			hasScannedForEncodings = 0;
			knownRegions = (
				en,
				Base,
			);
			mainGroup = 3E86143120D0D0D700B90F96;
			productRefGroup = 3E86143B20D0D0D700B90F96 /* Products */;
			projectDirPath = "";
			projectRoot = "";
			targets = (
				3E86143920D0D0D700B90F96 /* Mino */,
			);
		};
/* End PBXProject section */

/* Begin PBXResourcesBuildPhase section */
		3E86143820D0D0D700B90F96 /* Resources */ = {
			isa = PBXResourcesBuildPhase;
			buildActionMask = 2147483647;
			files = (
				3E86149420D0D24E00B90F96 /* Info.plist in Resources */,
				3E86144B20D0D0DA00B90F96 /* LaunchScreen.storyboard in Resources */,
				3E86144820D0D0DA00B90F96 /* Assets.xcassets in Resources */,
			);
			runOnlyForDeploymentPostprocessing = 0;
		};
/* End PBXResourcesBuildPhase section */

/* Begin PBXSourcesBuildPhase section */
		3E86143620D0D0D700B90F96 /* Sources */ = {
			isa = PBXSourcesBuildPhase;
			buildActionMask = 2147483647;
			files = (
				3E86148120D0D24E00B90F96 /* LayoutConstraint.swift in Sources */,
				3EAB800420D9038A00D50296 /* U2MsgViewController.swift in Sources */,
				3E86148E20D0D24E00B90F96 /* LayoutConstraintItem.swift in Sources */,
				3E86149120D0D24E00B90F96 /* ConstraintAttributes.swift in Sources */,
				3E86147B20D0D24E00B90F96 /* ConstraintMakerEditable.swift in Sources */,
				3E86149A20D0D24E00B90F96 /* ConstraintMaker.swift in Sources */,
				3E86148A20D0D24E00B90F96 /* ConstraintRelation.swift in Sources */,
				3E86148020D0D24E00B90F96 /* ConstraintInsetTarget.swift in Sources */,
				3E86148720D0D24E00B90F96 /* ConstraintView+Extensions.swift in Sources */,
				3E86149D20D0D39E00B90F96 /* LoginView.swift in Sources */,
				3E86148D20D0D24E00B90F96 /* ConstraintOffsetTarget.swift in Sources */,
				3E86148B20D0D24E00B90F96 /* ConstraintMakerRelatable.swift in Sources */,
				3E86148320D0D24E00B90F96 /* ConstraintInsets.swift in Sources */,
				3E86147A20D0D24E00B90F96 /* Constraint.swift in Sources */,
				3E86144020D0D0D700B90F96 /* ViewController.swift in Sources */,
				3EAB800220D8FF0600D50296 /* ThredViewController.swift in Sources */,
				3E86147920D0D24E00B90F96 /* ConstraintLayoutGuide+Extensions.swift in Sources */,
				3E86147F20D0D24E00B90F96 /* Debugging.swift in Sources */,
				3E86149820D0D24E00B90F96 /* ConstraintItem.swift in Sources */,
				3E86148C20D0D24E00B90F96 /* ConstraintMakerExtendable.swift in Sources */,
				3E86148920D0D24E00B90F96 /* ConstraintView.swift in Sources */,
				3E86147C20D0D24E00B90F96 /* ConstraintLayoutSupportDSL.swift in Sources */,
				3EAB800020D8FEF900D50296 /* SecViewController.swift in Sources */,
				3E86149020D0D24E00B90F96 /* Typealiases.swift in Sources */,
				3E86149720D0D24E00B90F96 /* ConstraintRelatableTarget.swift in Sources */,
				3E86149320D0D24E00B90F96 /* ConstraintMakerFinalizable.swift in Sources */,
				3E62DF8E20D358840029E006 /* MainController.swift in Sources */,
				3E86148220D0D24E00B90F96 /* ConstraintPriority.swift in Sources */,
				3E86143E20D0D0D700B90F96 /* AppDelegate.swift in Sources */,
				3E86147820D0D24E00B90F96 /* UILayoutSupport+Extensions.swift in Sources */,
				3E86147D20D0D24E00B90F96 /* ConstraintPriorityTarget.swift in Sources */,
				3E86144620D0D0D700B90F96 /* Mino.xcdatamodeld in Sources */,
				3E86147E20D0D24E00B90F96 /* ConstraintLayoutGuide.swift in Sources */,
				3E86148820D0D24E00B90F96 /* ConstraintConfig.swift in Sources */,
				3E86149920D0D24E00B90F96 /* ConstraintLayoutSupport.swift in Sources */,
				3E86149620D0D24E00B90F96 /* ConstraintMakerPriortizable.swift in Sources */,
				3E86148420D0D24E00B90F96 /* ConstraintConstantTarget.swift in Sources */,
				3E86148520D0D24E00B90F96 /* ConstraintDSL.swift in Sources */,
				3E86149520D0D24E00B90F96 /* ConstraintMultiplierTarget.swift in Sources */,
				3E86148620D0D24E00B90F96 /* ConstraintLayoutGuideDSL.swift in Sources */,
				3E86148F20D0D24E00B90F96 /* ConstraintViewDSL.swift in Sources */,
				3E86149220D0D24E00B90F96 /* ConstraintDescription.swift in Sources */,
			);
			runOnlyForDeploymentPostprocessing = 0;
		};
/* End PBXSourcesBuildPhase section */

/* Begin PBXVariantGroup section */
		3E86144920D0D0DA00B90F96 /* LaunchScreen.storyboard */ = {
			isa = PBXVariantGroup;
			children = (
				3E86144A20D0D0DA00B90F96 /* Base */,
			);
			name = LaunchScreen.storyboard;
			sourceTree = "<group>";
		};
/* End PBXVariantGroup section */

/* Begin XCBuildConfiguration section */
		3E86144D20D0D0DA00B90F96 /* Debug */ = {
			isa = XCBuildConfiguration;
			buildSettings = {
				ALWAYS_SEARCH_USER_PATHS = NO;
				CLANG_ANALYZER_NONNULL = YES;
				CLANG_ANALYZER_NUMBER_OBJECT_CONVERSION = YES_AGGRESSIVE;
				CLANG_CXX_LANGUAGE_STANDARD = "gnu++14";
				CLANG_CXX_LIBRARY = "libc++";
				CLANG_ENABLE_MODULES = YES;
				CLANG_ENABLE_OBJC_ARC = YES;
				CLANG_ENABLE_OBJC_WEAK = YES;
				CLANG_WARN_BLOCK_CAPTURE_AUTORELEASING = YES;
				CLANG_WARN_BOOL_CONVERSION = YES;
				CLANG_WARN_COMMA = YES;
				CLANG_WARN_CONSTANT_CONVERSION = YES;
				CLANG_WARN_DEPRECATED_OBJC_IMPLEMENTATIONS = YES;
				CLANG_WARN_DIRECT_OBJC_ISA_USAGE = YES_ERROR;
				CLANG_WARN_DOCUMENTATION_COMMENTS = YES;
				CLANG_WARN_EMPTY_BODY = YES;
				CLANG_WARN_ENUM_CONVERSION = YES;
				CLANG_WARN_INFINITE_RECURSION = YES;
				CLANG_WARN_INT_CONVERSION = YES;
				CLANG_WARN_NON_LITERAL_NULL_CONVERSION = YES;
				CLANG_WARN_OBJC_IMPLICIT_RETAIN_SELF = YES;
				CLANG_WARN_OBJC_LITERAL_CONVERSION = YES;
				CLANG_WARN_OBJC_ROOT_CLASS = YES_ERROR;
				CLANG_WARN_RANGE_LOOP_ANALYSIS = YES;
				CLANG_WARN_STRICT_PROTOTYPES = YES;
				CLANG_WARN_SUSPICIOUS_MOVE = YES;
				CLANG_WARN_UNGUARDED_AVAILABILITY = YES_AGGRESSIVE;
				CLANG_WARN_UNREACHABLE_CODE = YES;
				CLANG_WARN__DUPLICATE_METHOD_MATCH = YES;
				CODE_SIGN_IDENTITY = "iPhone Developer";
				COPY_PHASE_STRIP = NO;
				DEBUG_INFORMATION_FORMAT = dwarf;
				ENABLE_STRICT_OBJC_MSGSEND = YES;
				ENABLE_TESTABILITY = YES;
				GCC_C_LANGUAGE_STANDARD = gnu11;
				GCC_DYNAMIC_NO_PIC = NO;
				GCC_NO_COMMON_BLOCKS = YES;
				GCC_OPTIMIZATION_LEVEL = 0;
				GCC_PREPROCESSOR_DEFINITIONS = (
					"DEBUG=1",
					"$(inherited)",
				);
				GCC_WARN_64_TO_32_BIT_CONVERSION = YES;
				GCC_WARN_ABOUT_RETURN_TYPE = YES_ERROR;
				GCC_WARN_UNDECLARED_SELECTOR = YES;
				GCC_WARN_UNINITIALIZED_AUTOS = YES_AGGRESSIVE;
				GCC_WARN_UNUSED_FUNCTION = YES;
				GCC_WARN_UNUSED_VARIABLE = YES;
				IPHONEOS_DEPLOYMENT_TARGET = 11.4;
				MTL_ENABLE_DEBUG_INFO = YES;
				ONLY_ACTIVE_ARCH = YES;
				SDKROOT = iphoneos;
				SWIFT_ACTIVE_COMPILATION_CONDITIONS = DEBUG;
				SWIFT_OPTIMIZATION_LEVEL = "-Onone";
			};
			name = Debug;
		};
		3E86144E20D0D0DA00B90F96 /* Release */ = {
			isa = XCBuildConfiguration;
			buildSettings = {
				ALWAYS_SEARCH_USER_PATHS = NO;
				CLANG_ANALYZER_NONNULL = YES;
				CLANG_ANALYZER_NUMBER_OBJECT_CONVERSION = YES_AGGRESSIVE;
				CLANG_CXX_LANGUAGE_STANDARD = "gnu++14";
				CLANG_CXX_LIBRARY = "libc++";
				CLANG_ENABLE_MODULES = YES;
				CLANG_ENABLE_OBJC_ARC = YES;
				CLANG_ENABLE_OBJC_WEAK = YES;
				CLANG_WARN_BLOCK_CAPTURE_AUTORELEASING = YES;
				CLANG_WARN_BOOL_CONVERSION = YES;
				CLANG_WARN_COMMA = YES;
				CLANG_WARN_CONSTANT_CONVERSION = YES;
				CLANG_WARN_DEPRECATED_OBJC_IMPLEMENTATIONS = YES;
				CLANG_WARN_DIRECT_OBJC_ISA_USAGE = YES_ERROR;
				CLANG_WARN_DOCUMENTATION_COMMENTS = YES;
				CLANG_WARN_EMPTY_BODY = YES;
				CLANG_WARN_ENUM_CONVERSION = YES;
				CLANG_WARN_INFINITE_RECURSION = YES;
				CLANG_WARN_INT_CONVERSION = YES;
				CLANG_WARN_NON_LITERAL_NULL_CONVERSION = YES;
				CLANG_WARN_OBJC_IMPLICIT_RETAIN_SELF = YES;
				CLANG_WARN_OBJC_LITERAL_CONVERSION = YES;
				CLANG_WARN_OBJC_ROOT_CLASS = YES_ERROR;
				CLANG_WARN_RANGE_LOOP_ANALYSIS = YES;
				CLANG_WARN_STRICT_PROTOTYPES = YES;
				CLANG_WARN_SUSPICIOUS_MOVE = YES;
				CLANG_WARN_UNGUARDED_AVAILABILITY = YES_AGGRESSIVE;
				CLANG_WARN_UNREACHABLE_CODE = YES;
				CLANG_WARN__DUPLICATE_METHOD_MATCH = YES;
				CODE_SIGN_IDENTITY = "iPhone Developer";
				COPY_PHASE_STRIP = NO;
				DEBUG_INFORMATION_FORMAT = "dwarf-with-dsym";
				ENABLE_NS_ASSERTIONS = NO;
				ENABLE_STRICT_OBJC_MSGSEND = YES;
				GCC_C_LANGUAGE_STANDARD = gnu11;
				GCC_NO_COMMON_BLOCKS = YES;
				GCC_WARN_64_TO_32_BIT_CONVERSION = YES;
				GCC_WARN_ABOUT_RETURN_TYPE = YES_ERROR;
				GCC_WARN_UNDECLARED_SELECTOR = YES;
				GCC_WARN_UNINITIALIZED_AUTOS = YES_AGGRESSIVE;
				GCC_WARN_UNUSED_FUNCTION = YES;
				GCC_WARN_UNUSED_VARIABLE = YES;
				IPHONEOS_DEPLOYMENT_TARGET = 11.4;
				MTL_ENABLE_DEBUG_INFO = NO;
				SDKROOT = iphoneos;
				SWIFT_COMPILATION_MODE = wholemodule;
				SWIFT_OPTIMIZATION_LEVEL = "-O";
				VALIDATE_PRODUCT = YES;
			};
			name = Release;
		};
		3E86145020D0D0DA00B90F96 /* Debug */ = {
			isa = XCBuildConfiguration;
			buildSettings = {
				ASSETCATALOG_COMPILER_APPICON_NAME = AppIcon;
				CODE_SIGN_STYLE = Automatic;
				DEVELOPMENT_TEAM = WNPTB72N6Q;
				INFOPLIST_FILE = Mino/Info.plist;
				LD_RUNPATH_SEARCH_PATHS = (
					"$(inherited)",
					"@executable_path/Frameworks",
				);
				PRODUCT_BUNDLE_IDENTIFIER = Mino.Mino;
				PRODUCT_NAME = "$(TARGET_NAME)";
				SWIFT_VERSION = 4.0;
				TARGETED_DEVICE_FAMILY = "1,2";
			};
			name = Debug;
		};
		3E86145120D0D0DA00B90F96 /* Release */ = {
			isa = XCBuildConfiguration;
			buildSettings = {
				ASSETCATALOG_COMPILER_APPICON_NAME = AppIcon;
				CODE_SIGN_STYLE = Automatic;
				DEVELOPMENT_TEAM = WNPTB72N6Q;
				INFOPLIST_FILE = Mino/Info.plist;
				LD_RUNPATH_SEARCH_PATHS = (
					"$(inherited)",
					"@executable_path/Frameworks",
				);
				PRODUCT_BUNDLE_IDENTIFIER = Mino.Mino;
				PRODUCT_NAME = "$(TARGET_NAME)";
				SWIFT_VERSION = 4.0;
				TARGETED_DEVICE_FAMILY = "1,2";
			};
			name = Release;
		};
/* End XCBuildConfiguration section */

/* Begin XCConfigurationList section */
		3E86143520D0D0D700B90F96 /* Build configuration list for PBXProject "Mino" */ = {
			isa = XCConfigurationList;
			buildConfigurations = (
				3E86144D20D0D0DA00B90F96 /* Debug */,
				3E86144E20D0D0DA00B90F96 /* Release */,
			);
			defaultConfigurationIsVisible = 0;
			defaultConfigurationName = Release;
		};
		3E86144F20D0D0DA00B90F96 /* Build configuration list for PBXNativeTarget "Mino" */ = {
			isa = XCConfigurationList;
			buildConfigurations = (
				3E86145020D0D0DA00B90F96 /* Debug */,
				3E86145120D0D0DA00B90F96 /* Release */,
			);
			defaultConfigurationIsVisible = 0;
			defaultConfigurationName = Release;
		};
/* End XCConfigurationList section */

/* Begin XCVersionGroup section */
		3E86144420D0D0D700B90F96 /* Mino.xcdatamodeld */ = {
			isa = XCVersionGroup;
			children = (
				3E86144520D0D0D700B90F96 /* Mino.xcdatamodel */,
			);
			currentVersion = 3E86144520D0D0D700B90F96 /* Mino.xcdatamodel */;
			path = Mino.xcdatamodeld;
			sourceTree = "<group>";
			versionGroupType = wrapper.xcdatamodel;
		};
/* End XCVersionGroup section */
	};
	rootObject = 3E86143220D0D0D700B90F96 /* Project object */;
}
